
Microsoft Visual Studio Solution File, Format Version 12.00
# Visual Studio 14
VisualStudioVersion = 14.0.24720.0
MinimumVisualStudioVersion = 10.0.40219.1
Project("{FAE04EC0-301F-11D3-BF4B-00C04F79EFBC}") = "Lemon.Droid", "Lemon\Lemon.Droid\Lemon.Droid.csproj", "{9D763FB6-A73D-4D23-B4E0-F47A2D1AA535}"
EndProject
Project("{FAE04EC0-301F-11D3-BF4B-00C04F79EFBC}") = "Lemon.iOS", "Lemon\Lemon.iOS\Lemon.iOS.csproj", "{FDC4D6F0-F700-4FF7-B00C-CA6D84FB2C41}"
EndProject
Project("{FAE04EC0-301F-11D3-BF4B-00C04F79EFBC}") = "Lemon.WinPhone", "Lemon\Lemon.WinPhone\Lemon.WinPhone.csproj", "{81935858-90F1-45E5-9B20-7DF3AC7D8DF2}"
EndProject
Project("{D954291E-2A0B-460D-934E-DC6B0785DB48}") = "Lemon", "Lemon\Lemon\Lemon.shproj", "{D4620FB4-C1D8-46CD-BC54-1247FDF21181}"
EndProject
Global
	GlobalSection(SharedMSBuildProjectFiles) = preSolution
		Lemon\Lemon\Lemon.projitems*{9d763fb6-a73d-4d23-b4e0-f47a2d1aa535}*SharedItemsImports = 4
		Lemon\Lemon\Lemon.projitems*{d4620fb4-c1d8-46cd-bc54-1247fdf21181}*SharedItemsImports = 13
		Lemon\Lemon\Lemon.projitems*{81935858-90f1-45e5-9b20-7df3ac7d8df2}*SharedItemsImports = 4
	EndGlobalSection
	GlobalSection(SolutionConfigurationPlatforms) = preSolution
		Debug|Any CPU = Debug|Any CPU
		Debug|ARM = Debug|ARM
		Debug|iPhone = Debug|iPhone
		Debug|iPhoneSimulator = Debug|iPhoneSimulator
		Debug|x86 = Debug|x86
		Release|Any CPU = Release|Any CPU
		Release|ARM = Release|ARM
		Release|iPhone = Release|iPhone
		Release|iPhoneSimulator = Release|iPhoneSimulator
		Release|x86 = Release|x86
	EndGlobalSection
	GlobalSection(ProjectConfigurationPlatforms) = postSolution
		{9D763FB6-A73D-4D23-B4E0-F47A2D1AA535}.Debug|Any CPU.ActiveCfg = Debug|Any CPU
		{9D763FB6-A73D-4D23-B4E0-F47A2D1AA535}.Debug|Any CPU.Build.0 = Debug|Any CPU
		{9D763FB6-A73D-4D23-B4E0-F47A2D1AA535}.Debug|Any CPU.Deploy.0 = Debug|Any CPU
		{9D763FB6-A73D-4D23-B4E0-F47A2D1AA535}.Debug|ARM.ActiveCfg = Debug|Any CPU
		{9D763FB6-A73D-4D23-B4E0-F47A2D1AA535}.Debug|ARM.Build.0 = Debug|Any CPU
		{9D763FB6-A73D-4D23-B4E0-F47A2D1AA535}.Debug|ARM.Deploy.0 = Debug|Any CPU
		{9D763FB6-A73D-4D23-B4E0-F47A2D1AA535}.Debug|iPhone.ActiveCfg = Debug|Any CPU
		{9D763FB6-A73D-4D23-B4E0-F47A2D1AA535}.Debug|iPhone.Build.0 = Debug|Any CPU
		{9D763FB6-A73D-4D23-B4E0-F47A2D1AA535}.Debug|iPhone.Deploy.0 = Debug|Any CPU
		{9D763FB6-A73D-4D23-B4E0-F47A2D1AA535}.Debug|iPhoneSimulator.ActiveCfg = Debug|Any CPU
		{9D763FB6-A73D-4D23-B4E0-F47A2D1AA535}.Debug|iPhoneSimulator.Build.0 = Debug|Any CPU
		{9D763FB6-A73D-4D23-B4E0-F47A2D1AA535}.Debug|iPhoneSimulator.Deploy.0 = Debug|Any CPU
		{9D763FB6-A73D-4D23-B4E0-F47A2D1AA535}.Debug|x86.ActiveCfg = Debug|Any CPU
		{9D763FB6-A73D-4D23-B4E0-F47A2D1AA535}.Debug|x86.Build.0 = Debug|Any CPU
		{9D763FB6-A73D-4D23-B4E0-F47A2D1AA535}.Debug|x86.Deploy.0 = Debug|Any CPU
		{9D763FB6-A73D-4D23-B4E0-F47A2D1AA535}.Release|Any CPU.ActiveCfg = Release|Any CPU
		{9D763FB6-A73D-4D23-B4E0-F47A2D1AA535}.Release|Any CPU.Build.0 = Release|Any CPU
		{9D763FB6-A73D-4D23-B4E0-F47A2D1AA535}.Release|Any CPU.Deploy.0 = Release|Any CPU
		{9D763FB6-A73D-4D23-B4E0-F47A2D1AA535}.Release|ARM.ActiveCfg = Release|Any CPU
		{9D763FB6-A73D-4D23-B4E0-F47A2D1AA535}.Release|ARM.Build.0 = Release|Any CPU
		{9D763FB6-A73D-4D23-B4E0-F47A2D1AA535}.Release|ARM.Deploy.0 = Release|Any CPU
		{9D763FB6-A73D-4D23-B4E0-F47A2D1AA535}.Release|iPhone.ActiveCfg = Release|Any CPU
		{9D763FB6-A73D-4D23-B4E0-F47A2D1AA535}.Release|iPhone.Build.0 = Release|Any CPU
		{9D763FB6-A73D-4D23-B4E0-F47A2D1AA535}.Release|iPhone.Deploy.0 = Release|Any CPU
		{9D763FB6-A73D-4D23-B4E0-F47A2D1AA535}.Release|iPhoneSimulator.ActiveCfg = Release|Any CPU
		{9D763FB6-A73D-4D23-B4E0-F47A2D1AA535}.Release|iPhoneSimulator.Build.0 = Release|Any CPU
		{9D763FB6-A73D-4D23-B4E0-F47A2D1AA535}.Release|iPhoneSimulator.Deploy.0 = Release|Any CPU
		{9D763FB6-A73D-4D23-B4E0-F47A2D1AA535}.Release|x86.ActiveCfg = Release|Any CPU
		{9D763FB6-A73D-4D23-B4E0-F47A2D1AA535}.Release|x86.Build.0 = Release|Any CPU
		{9D763FB6-A73D-4D23-B4E0-F47A2D1AA535}.Release|x86.Deploy.0 = Release|Any CPU
		{FDC4D6F0-F700-4FF7-B00C-CA6D84FB2C41}.Debug|Any CPU.ActiveCfg = Debug|iPhone
		{FDC4D6F0-F700-4FF7-B00C-CA6D84FB2C41}.Debug|ARM.ActiveCfg = Debug|iPhone
		{FDC4D6F0-F700-4FF7-B00C-CA6D84FB2C41}.Debug|iPhone.ActiveCfg = Debug|iPhone
		{FDC4D6F0-F700-4FF7-B00C-CA6D84FB2C41}.Debug|iPhone.Build.0 = Debug|iPhone
		{FDC4D6F0-F700-4FF7-B00C-CA6D84FB2C41}.Debug|iPhoneSimulator.ActiveCfg = Debug|iPhoneSimulator
		{FDC4D6F0-F700-4FF7-B00C-CA6D84FB2C41}.Debug|iPhoneSimulator.Build.0 = Debug|iPhoneSimulator
		{FDC4D6F0-F700-4FF7-B00C-CA6D84FB2C41}.Debug|x86.ActiveCfg = Debug|iPhone
		{FDC4D6F0-F700-4FF7-B00C-CA6D84FB2C41}.Release|Any CPU.ActiveCfg = Release|iPhone
		{FDC4D6F0-F700-4FF7-B00C-CA6D84FB2C41}.Release|ARM.ActiveCfg = Release|iPhone
		{FDC4D6F0-F700-4FF7-B00C-CA6D84FB2C41}.Release|iPhone.ActiveCfg = Release|iPhone
		{FDC4D6F0-F700-4FF7-B00C-CA6D84FB2C41}.Release|iPhone.Build.0 = Release|iPhone
		{FDC4D6F0-F700-4FF7-B00C-CA6D84FB2C41}.Release|iPhoneSimulator.ActiveCfg = Release|iPhoneSimulator
		{FDC4D6F0-F700-4FF7-B00C-CA6D84FB2C41}.Release|iPhoneSimulator.Build.0 = Release|iPhoneSimulator
		{FDC4D6F0-F700-4FF7-B00C-CA6D84FB2C41}.Release|x86.ActiveCfg = Release|iPhone
		{81935858-90F1-45E5-9B20-7DF3AC7D8DF2}.Debug|Any CPU.ActiveCfg = Debug|Any CPU
		{81935858-90F1-45E5-9B20-7DF3AC7D8DF2}.Debug|Any CPU.Build.0 = Debug|Any CPU
		{81935858-90F1-45E5-9B20-7DF3AC7D8DF2}.Debug|Any CPU.Deploy.0 = Debug|Any CPU
		{81935858-90F1-45E5-9B20-7DF3AC7D8DF2}.Debug|ARM.ActiveCfg = Debug|ARM
		{81935858-90F1-45E5-9B20-7DF3AC7D8DF2}.Debug|ARM.Build.0 = Debug|ARM
		{81935858-90F1-45E5-9B20-7DF3AC7D8DF2}.Debug|ARM.Deploy.0 = Debug|ARM
		{81935858-90F1-45E5-9B20-7DF3AC7D8DF2}.Debug|iPhone.ActiveCfg = Debug|Any CPU
		{81935858-90F1-45E5-9B20-7DF3AC7D8DF2}.Debug|iPhone.Build.0 = Debug|Any CPU
		{81935858-90F1-45E5-9B20-7DF3AC7D8DF2}.Debug|iPhone.Deploy.0 = Debug|Any CPU
		{81935858-90F1-45E5-9B20-7DF3AC7D8DF2}.Debug|iPhoneSimulator.ActiveCfg = Debug|Any CPU
		{81935858-90F1-45E5-9B20-7DF3AC7D8DF2}.Debug|iPhoneSimulator.Build.0 = Debug|Any CPU
		{81935858-90F1-45E5-9B20-7DF3AC7D8DF2}.Debug|iPhoneSimulator.Deploy.0 = Debug|Any CPU
		{81935858-90F1-45E5-9B20-7DF3AC7D8DF2}.Debug|x86.ActiveCfg = Debug|x86
		{81935858-90F1-45E5-9B20-7DF3AC7D8DF2}.Debug|x86.Build.0 = Debug|x86
		{81935858-90F1-45E5-9B20-7DF3AC7D8DF2}.Debug|x86.Deploy.0 = Debug|x86
		{81935858-90F1-45E5-9B20-7DF3AC7D8DF2}.Release|Any CPU.ActiveCfg = Release|Any CPU
		{81935858-90F1-45E5-9B20-7DF3AC7D8DF2}.Release|Any CPU.Build.0 = Release|Any CPU
		{81935858-90F1-45E5-9B20-7DF3AC7D8DF2}.Release|Any CPU.Deploy.0 = Release|Any CPU
		{81935858-90F1-45E5-9B20-7DF3AC7D8DF2}.Release|ARM.ActiveCfg = Release|ARM
		{81935858-90F1-45E5-9B20-7DF3AC7D8DF2}.Release|ARM.Build.0 = Release|ARM
		{81935858-90F1-45E5-9B20-7DF3AC7D8DF2}.Release|ARM.Deploy.0 = Release|ARM
		{81935858-90F1-45E5-9B20-7DF3AC7D8DF2}.Release|iPhone.ActiveCfg = Release|Any CPU
		{81935858-90F1-45E5-9B20-7DF3AC7D8DF2}.Release|iPhone.Build.0 = Release|Any CPU
		{81935858-90F1-45E5-9B20-7DF3AC7D8DF2}.Release|iPhone.Deploy.0 = Release|Any CPU
		{81935858-90F1-45E5-9B20-7DF3AC7D8DF2}.Release|iPhoneSimulator.ActiveCfg = Release|Any CPU
		{81935858-90F1-45E5-9B20-7DF3AC7D8DF2}.Release|iPhoneSimulator.Build.0 = Release|Any CPU
		{81935858-90F1-45E5-9B20-7DF3AC7D8DF2}.Release|iPhoneSimulator.Deploy.0 = Release|Any CPU
		{81935858-90F1-45E5-9B20-7DF3AC7D8DF2}.Release|x86.ActiveCfg = Release|x86
		{81935858-90F1-45E5-9B20-7DF3AC7D8DF2}.Release|x86.Build.0 = Release|x86
		{81935858-90F1-45E5-9B20-7DF3AC7D8DF2}.Release|x86.Deploy.0 = Release|x86
	EndGlobalSection
	GlobalSection(SolutionProperties) = preSolution
		HideSolutionNode = FALSE
	EndGlobalSection
EndGlobal
