
Microsoft Visual Studio Solution File, Format Version 12.00
# Visual Studio 14
VisualStudioVersion = 14.0.24720.0
MinimumVisualStudioVersion = 10.0.40219.1
Project("{FAE04EC0-301F-11D3-BF4B-00C04F79EFBC}") = "Lemon.Droid", "Lemon\Lemon.Droid\Lemon.Droid.csproj", "{7033ADCF-DF15-4A12-A16B-EAAE89029F39}"
EndProject
Project("{FAE04EC0-301F-11D3-BF4B-00C04F79EFBC}") = "Lemon.iOS", "Lemon\Lemon.iOS\Lemon.iOS.csproj", "{F5F33F9C-89CB-400E-848D-10D09968BC9F}"
EndProject
Project("{FAE04EC0-301F-11D3-BF4B-00C04F79EFBC}") = "Lemon.WinPhone", "Lemon\Lemon.WinPhone\Lemon.WinPhone.csproj", "{EF57B829-1CED-4E1B-99A9-CF8C304B6A3C}"
EndProject
Project("{FAE04EC0-301F-11D3-BF4B-00C04F79EFBC}") = "Lemon", "Lemon\Lemon\Lemon.csproj", "{D7748EDE-B1C2-4A4E-87BE-3B37549376BF}"
EndProject
Global
	GlobalSection(SolutionConfigurationPlatforms) = preSolution
		Debug|Any CPU = Debug|Any CPU
		Debug|ARM = Debug|ARM
		Debug|iPhone = Debug|iPhone
		Debug|iPhoneSimulator = Debug|iPhoneSimulator
		Debug|x86 = Debug|x86
		Release|Any CPU = Release|Any CPU
		Release|ARM = Release|ARM
		Release|iPhone = Release|iPhone
		Release|iPhoneSimulator = Release|iPhoneSimulator
		Release|x86 = Release|x86
	EndGlobalSection
	GlobalSection(ProjectConfigurationPlatforms) = postSolution
		{7033ADCF-DF15-4A12-A16B-EAAE89029F39}.Debug|Any CPU.ActiveCfg = Debug|Any CPU
		{7033ADCF-DF15-4A12-A16B-EAAE89029F39}.Debug|Any CPU.Build.0 = Debug|Any CPU
		{7033ADCF-DF15-4A12-A16B-EAAE89029F39}.Debug|Any CPU.Deploy.0 = Debug|Any CPU
		{7033ADCF-DF15-4A12-A16B-EAAE89029F39}.Debug|ARM.ActiveCfg = Debug|Any CPU
		{7033ADCF-DF15-4A12-A16B-EAAE89029F39}.Debug|ARM.Build.0 = Debug|Any CPU
		{7033ADCF-DF15-4A12-A16B-EAAE89029F39}.Debug|ARM.Deploy.0 = Debug|Any CPU
		{7033ADCF-DF15-4A12-A16B-EAAE89029F39}.Debug|iPhone.ActiveCfg = Debug|Any CPU
		{7033ADCF-DF15-4A12-A16B-EAAE89029F39}.Debug|iPhone.Build.0 = Debug|Any CPU
		{7033ADCF-DF15-4A12-A16B-EAAE89029F39}.Debug|iPhone.Deploy.0 = Debug|Any CPU
		{7033ADCF-DF15-4A12-A16B-EAAE89029F39}.Debug|iPhoneSimulator.ActiveCfg = Debug|Any CPU
		{7033ADCF-DF15-4A12-A16B-EAAE89029F39}.Debug|iPhoneSimulator.Build.0 = Debug|Any CPU
		{7033ADCF-DF15-4A12-A16B-EAAE89029F39}.Debug|iPhoneSimulator.Deploy.0 = Debug|Any CPU
		{7033ADCF-DF15-4A12-A16B-EAAE89029F39}.Debug|x86.ActiveCfg = Debug|Any CPU
		{7033ADCF-DF15-4A12-A16B-EAAE89029F39}.Debug|x86.Build.0 = Debug|Any CPU
		{7033ADCF-DF15-4A12-A16B-EAAE89029F39}.Debug|x86.Deploy.0 = Debug|Any CPU
		{7033ADCF-DF15-4A12-A16B-EAAE89029F39}.Release|Any CPU.ActiveCfg = Release|Any CPU
		{7033ADCF-DF15-4A12-A16B-EAAE89029F39}.Release|Any CPU.Build.0 = Release|Any CPU
		{7033ADCF-DF15-4A12-A16B-EAAE89029F39}.Release|Any CPU.Deploy.0 = Release|Any CPU
		{7033ADCF-DF15-4A12-A16B-EAAE89029F39}.Release|ARM.ActiveCfg = Release|Any CPU
		{7033ADCF-DF15-4A12-A16B-EAAE89029F39}.Release|ARM.Build.0 = Release|Any CPU
		{7033ADCF-DF15-4A12-A16B-EAAE89029F39}.Release|ARM.Deploy.0 = Release|Any CPU
		{7033ADCF-DF15-4A12-A16B-EAAE89029F39}.Release|iPhone.ActiveCfg = Release|Any CPU
		{7033ADCF-DF15-4A12-A16B-EAAE89029F39}.Release|iPhone.Build.0 = Release|Any CPU
		{7033ADCF-DF15-4A12-A16B-EAAE89029F39}.Release|iPhone.Deploy.0 = Release|Any CPU
		{7033ADCF-DF15-4A12-A16B-EAAE89029F39}.Release|iPhoneSimulator.ActiveCfg = Release|Any CPU
		{7033ADCF-DF15-4A12-A16B-EAAE89029F39}.Release|iPhoneSimulator.Build.0 = Release|Any CPU
		{7033ADCF-DF15-4A12-A16B-EAAE89029F39}.Release|iPhoneSimulator.Deploy.0 = Release|Any CPU
		{7033ADCF-DF15-4A12-A16B-EAAE89029F39}.Release|x86.ActiveCfg = Release|Any CPU
		{7033ADCF-DF15-4A12-A16B-EAAE89029F39}.Release|x86.Build.0 = Release|Any CPU
		{7033ADCF-DF15-4A12-A16B-EAAE89029F39}.Release|x86.Deploy.0 = Release|Any CPU
		{F5F33F9C-89CB-400E-848D-10D09968BC9F}.Debug|Any CPU.ActiveCfg = Debug|iPhone
		{F5F33F9C-89CB-400E-848D-10D09968BC9F}.Debug|ARM.ActiveCfg = Debug|iPhone
		{F5F33F9C-89CB-400E-848D-10D09968BC9F}.Debug|iPhone.ActiveCfg = Debug|iPhone
		{F5F33F9C-89CB-400E-848D-10D09968BC9F}.Debug|iPhone.Build.0 = Debug|iPhone
		{F5F33F9C-89CB-400E-848D-10D09968BC9F}.Debug|iPhoneSimulator.ActiveCfg = Debug|iPhoneSimulator
		{F5F33F9C-89CB-400E-848D-10D09968BC9F}.Debug|iPhoneSimulator.Build.0 = Debug|iPhoneSimulator
		{F5F33F9C-89CB-400E-848D-10D09968BC9F}.Debug|x86.ActiveCfg = Debug|iPhone
		{F5F33F9C-89CB-400E-848D-10D09968BC9F}.Release|Any CPU.ActiveCfg = Release|iPhone
		{F5F33F9C-89CB-400E-848D-10D09968BC9F}.Release|ARM.ActiveCfg = Release|iPhone
		{F5F33F9C-89CB-400E-848D-10D09968BC9F}.Release|iPhone.ActiveCfg = Release|iPhone
		{F5F33F9C-89CB-400E-848D-10D09968BC9F}.Release|iPhone.Build.0 = Release|iPhone
		{F5F33F9C-89CB-400E-848D-10D09968BC9F}.Release|iPhoneSimulator.ActiveCfg = Release|iPhoneSimulator
		{F5F33F9C-89CB-400E-848D-10D09968BC9F}.Release|iPhoneSimulator.Build.0 = Release|iPhoneSimulator
		{F5F33F9C-89CB-400E-848D-10D09968BC9F}.Release|x86.ActiveCfg = Release|iPhone
		{EF57B829-1CED-4E1B-99A9-CF8C304B6A3C}.Debug|Any CPU.ActiveCfg = Debug|Any CPU
		{EF57B829-1CED-4E1B-99A9-CF8C304B6A3C}.Debug|Any CPU.Build.0 = Debug|Any CPU
		{EF57B829-1CED-4E1B-99A9-CF8C304B6A3C}.Debug|Any CPU.Deploy.0 = Debug|Any CPU
		{EF57B829-1CED-4E1B-99A9-CF8C304B6A3C}.Debug|ARM.ActiveCfg = Debug|ARM
		{EF57B829-1CED-4E1B-99A9-CF8C304B6A3C}.Debug|ARM.Build.0 = Debug|ARM
		{EF57B829-1CED-4E1B-99A9-CF8C304B6A3C}.Debug|ARM.Deploy.0 = Debug|ARM
		{EF57B829-1CED-4E1B-99A9-CF8C304B6A3C}.Debug|iPhone.ActiveCfg = Debug|Any CPU
		{EF57B829-1CED-4E1B-99A9-CF8C304B6A3C}.Debug|iPhone.Build.0 = Debug|Any CPU
		{EF57B829-1CED-4E1B-99A9-CF8C304B6A3C}.Debug|iPhone.Deploy.0 = Debug|Any CPU
		{EF57B829-1CED-4E1B-99A9-CF8C304B6A3C}.Debug|iPhoneSimulator.ActiveCfg = Debug|Any CPU
		{EF57B829-1CED-4E1B-99A9-CF8C304B6A3C}.Debug|iPhoneSimulator.Build.0 = Debug|Any CPU
		{EF57B829-1CED-4E1B-99A9-CF8C304B6A3C}.Debug|iPhoneSimulator.Deploy.0 = Debug|Any CPU
		{EF57B829-1CED-4E1B-99A9-CF8C304B6A3C}.Debug|x86.ActiveCfg = Debug|x86
		{EF57B829-1CED-4E1B-99A9-CF8C304B6A3C}.Debug|x86.Build.0 = Debug|x86
		{EF57B829-1CED-4E1B-99A9-CF8C304B6A3C}.Debug|x86.Deploy.0 = Debug|x86
		{EF57B829-1CED-4E1B-99A9-CF8C304B6A3C}.Release|Any CPU.ActiveCfg = Release|Any CPU
		{EF57B829-1CED-4E1B-99A9-CF8C304B6A3C}.Release|Any CPU.Build.0 = Release|Any CPU
		{EF57B829-1CED-4E1B-99A9-CF8C304B6A3C}.Release|Any CPU.Deploy.0 = Release|Any CPU
		{EF57B829-1CED-4E1B-99A9-CF8C304B6A3C}.Release|ARM.ActiveCfg = Release|ARM
		{EF57B829-1CED-4E1B-99A9-CF8C304B6A3C}.Release|ARM.Build.0 = Release|ARM
		{EF57B829-1CED-4E1B-99A9-CF8C304B6A3C}.Release|ARM.Deploy.0 = Release|ARM
		{EF57B829-1CED-4E1B-99A9-CF8C304B6A3C}.Release|iPhone.ActiveCfg = Release|Any CPU
		{EF57B829-1CED-4E1B-99A9-CF8C304B6A3C}.Release|iPhone.Build.0 = Release|Any CPU
		{EF57B829-1CED-4E1B-99A9-CF8C304B6A3C}.Release|iPhone.Deploy.0 = Release|Any CPU
		{EF57B829-1CED-4E1B-99A9-CF8C304B6A3C}.Release|iPhoneSimulator.ActiveCfg = Release|Any CPU
		{EF57B829-1CED-4E1B-99A9-CF8C304B6A3C}.Release|iPhoneSimulator.Build.0 = Release|Any CPU
		{EF57B829-1CED-4E1B-99A9-CF8C304B6A3C}.Release|iPhoneSimulator.Deploy.0 = Release|Any CPU
		{EF57B829-1CED-4E1B-99A9-CF8C304B6A3C}.Release|x86.ActiveCfg = Release|x86
		{EF57B829-1CED-4E1B-99A9-CF8C304B6A3C}.Release|x86.Build.0 = Release|x86
		{EF57B829-1CED-4E1B-99A9-CF8C304B6A3C}.Release|x86.Deploy.0 = Release|x86
		{D7748EDE-B1C2-4A4E-87BE-3B37549376BF}.Debug|Any CPU.ActiveCfg = Debug|Any CPU
		{D7748EDE-B1C2-4A4E-87BE-3B37549376BF}.Debug|Any CPU.Build.0 = Debug|Any CPU
		{D7748EDE-B1C2-4A4E-87BE-3B37549376BF}.Debug|ARM.ActiveCfg = Debug|Any CPU
		{D7748EDE-B1C2-4A4E-87BE-3B37549376BF}.Debug|ARM.Build.0 = Debug|Any CPU
		{D7748EDE-B1C2-4A4E-87BE-3B37549376BF}.Debug|iPhone.ActiveCfg = Debug|Any CPU
		{D7748EDE-B1C2-4A4E-87BE-3B37549376BF}.Debug|iPhone.Build.0 = Debug|Any CPU
		{D7748EDE-B1C2-4A4E-87BE-3B37549376BF}.Debug|iPhoneSimulator.ActiveCfg = Debug|Any CPU
		{D7748EDE-B1C2-4A4E-87BE-3B37549376BF}.Debug|iPhoneSimulator.Build.0 = Debug|Any CPU
		{D7748EDE-B1C2-4A4E-87BE-3B37549376BF}.Debug|x86.ActiveCfg = Debug|Any CPU
		{D7748EDE-B1C2-4A4E-87BE-3B37549376BF}.Debug|x86.Build.0 = Debug|Any CPU
		{D7748EDE-B1C2-4A4E-87BE-3B37549376BF}.Release|Any CPU.ActiveCfg = Release|Any CPU
		{D7748EDE-B1C2-4A4E-87BE-3B37549376BF}.Release|Any CPU.Build.0 = Release|Any CPU
		{D7748EDE-B1C2-4A4E-87BE-3B37549376BF}.Release|ARM.ActiveCfg = Release|Any CPU
		{D7748EDE-B1C2-4A4E-87BE-3B37549376BF}.Release|ARM.Build.0 = Release|Any CPU
		{D7748EDE-B1C2-4A4E-87BE-3B37549376BF}.Release|iPhone.ActiveCfg = Release|Any CPU
		{D7748EDE-B1C2-4A4E-87BE-3B37549376BF}.Release|iPhone.Build.0 = Release|Any CPU
		{D7748EDE-B1C2-4A4E-87BE-3B37549376BF}.Release|iPhoneSimulator.ActiveCfg = Release|Any CPU
		{D7748EDE-B1C2-4A4E-87BE-3B37549376BF}.Release|iPhoneSimulator.Build.0 = Release|Any CPU
		{D7748EDE-B1C2-4A4E-87BE-3B37549376BF}.Release|x86.ActiveCfg = Release|Any CPU
		{D7748EDE-B1C2-4A4E-87BE-3B37549376BF}.Release|x86.Build.0 = Release|Any CPU
	EndGlobalSection
	GlobalSection(SolutionProperties) = preSolution
		HideSolutionNode = FALSE
	EndGlobalSection
EndGlobal
